
Microsoft Visual Studio Solution File, Format Version 12.00
# Visual Studio Version 16
VisualStudioVersion = 16.0.30907.101
MinimumVisualStudioVersion = 10.0.40219.1
Project("{FAE04EC0-301F-11D3-BF4B-00C04F79EFBC}") = "SignRank", "SignRank\SignRank.csproj", "{A709D3D8-3966-4FB4-A9B9-647FB70A49AA}"
EndProject
Global
	GlobalSection(SolutionConfigurationPlatforms) = preSolution
		Debug|Any CPU = Debug|Any CPU
		Release|Any CPU = Release|Any CPU
	EndGlobalSection
	GlobalSection(ProjectConfigurationPlatforms) = postSolution
		{A709D3D8-3966-4FB4-A9B9-647FB70A49AA}.Debug|Any CPU.ActiveCfg = Debug|Any CPU
		{A709D3D8-3966-4FB4-A9B9-647FB70A49AA}.Debug|Any CPU.Build.0 = Debug|Any CPU
		{A709D3D8-3966-4FB4-A9B9-647FB70A49AA}.Release|Any CPU.ActiveCfg = Release|Any CPU
		{A709D3D8-3966-4FB4-A9B9-647FB70A49AA}.Release|Any CPU.Build.0 = Release|Any CPU
	EndGlobalSection
	GlobalSection(SolutionProperties) = preSolution
		HideSolutionNode = FALSE
	EndGlobalSection
	GlobalSection(ExtensibilityGlobals) = postSolution
		SolutionGuid = {7EB6F5EB-53FC-4614-942D-BDC8B0F4B233}
	EndGlobalSection
EndGlobal
